// !$*UTF8*$!
{
	archiveVersion = 1;
	classes = {
	};
	objectVersion = 55;
	objects = {

/* Begin PBXBuildFile section */
		7730F7DD27739DC3009FE88E /* AppDelegate.swift in Sources */ = {isa = PBXBuildFile; fileRef = 7730F7DC27739DC3009FE88E /* AppDelegate.swift */; };
		7730F7DF27739DC3009FE88E /* SceneDelegate.swift in Sources */ = {isa = PBXBuildFile; fileRef = 7730F7DE27739DC3009FE88E /* SceneDelegate.swift */; };
		7730F7E127739DC3009FE88E /* ViewController.swift in Sources */ = {isa = PBXBuildFile; fileRef = 7730F7E027739DC3009FE88E /* ViewController.swift */; };
		7730F7E427739DC3009FE88E /* Main.storyboard in Resources */ = {isa = PBXBuildFile; fileRef = 7730F7E227739DC3009FE88E /* Main.storyboard */; };
		7730F7E627739DC7009FE88E /* Assets.xcassets in Resources */ = {isa = PBXBuildFile; fileRef = 7730F7E527739DC7009FE88E /* Assets.xcassets */; };
		7730F7E927739DC7009FE88E /* LaunchScreen.storyboard in Resources */ = {isa = PBXBuildFile; fileRef = 7730F7E727739DC7009FE88E /* LaunchScreen.storyboard */; };
		7730F7F327739E74009FE88E /* DocumentGrid in Frameworks */ = {isa = PBXBuildFile; productRef = 7730F7F227739E74009FE88E /* DocumentGrid */; };
		7730F7F6277404E3009FE88E /* CloudKit.framework in Frameworks */ = {isa = PBXBuildFile; fileRef = 7730F7F5277404E3009FE88E /* CloudKit.framework */; };
/* End PBXBuildFile section */

/* Begin PBXFileReference section */
		7730F7D927739DC3009FE88E /* ExampleDocumentGrid.app */ = {isa = PBXFileReference; explicitFileType = wrapper.application; includeInIndex = 0; path = ExampleDocumentGrid.app; sourceTree = BUILT_PRODUCTS_DIR; };
		7730F7DC27739DC3009FE88E /* AppDelegate.swift */ = {isa = PBXFileReference; lastKnownFileType = sourcecode.swift; path = AppDelegate.swift; sourceTree = "<group>"; };
		7730F7DE27739DC3009FE88E /* SceneDelegate.swift */ = {isa = PBXFileReference; lastKnownFileType = sourcecode.swift; path = SceneDelegate.swift; sourceTree = "<group>"; };
		7730F7E027739DC3009FE88E /* ViewController.swift */ = {isa = PBXFileReference; lastKnownFileType = sourcecode.swift; path = ViewController.swift; sourceTree = "<group>"; };
		7730F7E327739DC3009FE88E /* Base */ = {isa = PBXFileReference; lastKnownFileType = file.storyboard; name = Base; path = Base.lproj/Main.storyboard; sourceTree = "<group>"; };
		7730F7E527739DC7009FE88E /* Assets.xcassets */ = {isa = PBXFileReference; lastKnownFileType = folder.assetcatalog; path = Assets.xcassets; sourceTree = "<group>"; };
		7730F7E827739DC7009FE88E /* Base */ = {isa = PBXFileReference; lastKnownFileType = file.storyboard; name = Base; path = Base.lproj/LaunchScreen.storyboard; sourceTree = "<group>"; };
		7730F7EA27739DC7009FE88E /* Info.plist */ = {isa = PBXFileReference; lastKnownFileType = text.plist.xml; path = Info.plist; sourceTree = "<group>"; };
		7730F7F027739DE0009FE88E /* DocumentGrid */ = {isa = PBXFileReference; lastKnownFileType = folder; name = DocumentGrid; path = ../..; sourceTree = "<group>"; };
		7730F7F4277404A9009FE88E /* ExampleDocumentGrid.entitlements */ = {isa = PBXFileReference; lastKnownFileType = text.plist.entitlements; path = ExampleDocumentGrid.entitlements; sourceTree = "<group>"; };
		7730F7F5277404E3009FE88E /* CloudKit.framework */ = {isa = PBXFileReference; lastKnownFileType = wrapper.framework; name = CloudKit.framework; path = System/Library/Frameworks/CloudKit.framework; sourceTree = SDKROOT; };
/* End PBXFileReference section */

/* Begin PBXFrameworksBuildPhase section */
		7730F7D627739DC3009FE88E /* Frameworks */ = {
			isa = PBXFrameworksBuildPhase;
			buildActionMask = 2147483647;
			files = (
				7730F7F327739E74009FE88E /* DocumentGrid in Frameworks */,
				7730F7F6277404E3009FE88E /* CloudKit.framework in Frameworks */,
			);
			runOnlyForDeploymentPostprocessing = 0;
		};
/* End PBXFrameworksBuildPhase section */

/* Begin PBXGroup section */
		7730F7D027739DC3009FE88E = {
			isa = PBXGroup;
			children = (
				7730F7F027739DE0009FE88E /* DocumentGrid */,
				7730F7DB27739DC3009FE88E /* ExampleDocumentGrid */,
				7730F7DA27739DC3009FE88E /* Products */,
				7730F7F127739E74009FE88E /* Frameworks */,
			);
			sourceTree = "<group>";
		};
		7730F7DA27739DC3009FE88E /* Products */ = {
			isa = PBXGroup;
			children = (
				7730F7D927739DC3009FE88E /* ExampleDocumentGrid.app */,
			);
			name = Products;
			sourceTree = "<group>";
		};
		7730F7DB27739DC3009FE88E /* ExampleDocumentGrid */ = {
			isa = PBXGroup;
			children = (
				7730F7F4277404A9009FE88E /* ExampleDocumentGrid.entitlements */,
				7730F7DC27739DC3009FE88E /* AppDelegate.swift */,
				7730F7DE27739DC3009FE88E /* SceneDelegate.swift */,
				7730F7E027739DC3009FE88E /* ViewController.swift */,
				7730F7E227739DC3009FE88E /* Main.storyboard */,
				7730F7E527739DC7009FE88E /* Assets.xcassets */,
				7730F7E727739DC7009FE88E /* LaunchScreen.storyboard */,
				7730F7EA27739DC7009FE88E /* Info.plist */,
			);
			path = ExampleDocumentGrid;
			sourceTree = "<group>";
		};
		7730F7F127739E74009FE88E /* Frameworks */ = {
			isa = PBXGroup;
			children = (
				7730F7F5277404E3009FE88E /* CloudKit.framework */,
			);
			name = Frameworks;
			sourceTree = "<group>";
		};
/* End PBXGroup section */

/* Begin PBXNativeTarget section */
		7730F7D827739DC3009FE88E /* ExampleDocumentGrid */ = {
			isa = PBXNativeTarget;
			buildConfigurationList = 7730F7ED27739DC7009FE88E /* Build configuration list for PBXNativeTarget "ExampleDocumentGrid" */;
			buildPhases = (
				7730F7D527739DC3009FE88E /* Sources */,
				7730F7D627739DC3009FE88E /* Frameworks */,
				7730F7D727739DC3009FE88E /* Resources */,
			);
			buildRules = (
			);
			dependencies = (
			);
			name = ExampleDocumentGrid;
			packageProductDependencies = (
				7730F7F227739E74009FE88E /* DocumentGrid */,
			);
			productName = ExampleDocumentGrid;
			productReference = 7730F7D927739DC3009FE88E /* ExampleDocumentGrid.app */;
			productType = "com.apple.product-type.application";
		};
/* End PBXNativeTarget section */

/* Begin PBXProject section */
		7730F7D127739DC3009FE88E /* Project object */ = {
			isa = PBXProject;
			attributes = {
				BuildIndependentTargetsInParallel = 1;
				LastSwiftUpdateCheck = 1300;
				LastUpgradeCheck = 1300;
				TargetAttributes = {
					7730F7D827739DC3009FE88E = {
						CreatedOnToolsVersion = 13.0;
					};
				};
			};
			buildConfigurationList = 7730F7D427739DC3009FE88E /* Build configuration list for PBXProject "ExampleDocumentGrid" */;
			compatibilityVersion = "Xcode 13.0";
			developmentRegion = en;
			hasScannedForEncodings = 0;
			knownRegions = (
				en,
				Base,
			);
			mainGroup = 7730F7D027739DC3009FE88E;
			productRefGroup = 7730F7DA27739DC3009FE88E /* Products */;
			projectDirPath = "";
			projectRoot = "";
			targets = (
				7730F7D827739DC3009FE88E /* ExampleDocumentGrid */,
			);
		};
/* End PBXProject section */

/* Begin PBXResourcesBuildPhase section */
		7730F7D727739DC3009FE88E /* Resources */ = {
			isa = PBXResourcesBuildPhase;
			buildActionMask = 2147483647;
			files = (
				7730F7E927739DC7009FE88E /* LaunchScreen.storyboard in Resources */,
				7730F7E627739DC7009FE88E /* Assets.xcassets in Resources */,
				7730F7E427739DC3009FE88E /* Main.storyboard in Resources */,
			);
			runOnlyForDeploymentPostprocessing = 0;
		};
/* End PBXResourcesBuildPhase section */

/* Begin PBXSourcesBuildPhase section */
		7730F7D527739DC3009FE88E /* Sources */ = {
			isa = PBXSourcesBuildPhase;
			buildActionMask = 2147483647;
			files = (
				7730F7E127739DC3009FE88E /* ViewController.swift in Sources */,
				7730F7DD27739DC3009FE88E /* AppDelegate.swift in Sources */,
				7730F7DF27739DC3009FE88E /* SceneDelegate.swift in Sources */,
			);
			runOnlyForDeploymentPostprocessing = 0;
		};
/* End PBXSourcesBuildPhase section */

/* Begin PBXVariantGroup section */
		7730F7E227739DC3009FE88E /* Main.storyboard */ = {
			isa = PBXVariantGroup;
			children = (
				7730F7E327739DC3009FE88E /* Base */,
			);
			name = Main.storyboard;
			sourceTree = "<group>";
		};
		7730F7E727739DC7009FE88E /* LaunchScreen.storyboard */ = {
			isa = PBXVariantGroup;
			children = (
				7730F7E827739DC7009FE88E /* Base */,
			);
			name = LaunchScreen.storyboard;
			sourceTree = "<group>";
		};
/* End PBXVariantGroup section */

/* Begin XCBuildConfiguration section */
		7730F7EB27739DC7009FE88E /* Debug */ = {
			isa = XCBuildConfiguration;
			buildSettings = {
				ALWAYS_SEARCH_USER_PATHS = NO;
				CLANG_ANALYZER_NONNULL = YES;
				CLANG_ANALYZER_NUMBER_OBJECT_CONVERSION = YES_AGGRESSIVE;
				CLANG_CXX_LANGUAGE_STANDARD = "gnu++17";
				CLANG_CXX_LIBRARY = "libc++";
				CLANG_ENABLE_MODULES = YES;
				CLANG_ENABLE_OBJC_ARC = YES;
				CLANG_ENABLE_OBJC_WEAK = YES;
				CLANG_WARN_BLOCK_CAPTURE_AUTORELEASING = YES;
				CLANG_WARN_BOOL_CONVERSION = YES;
				CLANG_WARN_COMMA = YES;
				CLANG_WARN_CONSTANT_CONVERSION = YES;
				CLANG_WARN_DEPRECATED_OBJC_IMPLEMENTATIONS = YES;
				CLANG_WARN_DIRECT_OBJC_ISA_USAGE = YES_ERROR;
				CLANG_WARN_DOCUMENTATION_COMMENTS = YES;
				CLANG_WARN_EMPTY_BODY = YES;
				CLANG_WARN_ENUM_CONVERSION = YES;
				CLANG_WARN_INFINITE_RECURSION = YES;
				CLANG_WARN_INT_CONVERSION = YES;
				CLANG_WARN_NON_LITERAL_NULL_CONVERSION = YES;
				CLANG_WARN_OBJC_IMPLICIT_RETAIN_SELF = YES;
				CLANG_WARN_OBJC_LITERAL_CONVERSION = YES;
				CLANG_WARN_OBJC_ROOT_CLASS = YES_ERROR;
				CLANG_WARN_QUOTED_INCLUDE_IN_FRAMEWORK_HEADER = YES;
				CLANG_WARN_RANGE_LOOP_ANALYSIS = YES;
				CLANG_WARN_STRICT_PROTOTYPES = YES;
				CLANG_WARN_SUSPICIOUS_MOVE = YES;
				CLANG_WARN_UNGUARDED_AVAILABILITY = YES_AGGRESSIVE;
				CLANG_WARN_UNREACHABLE_CODE = YES;
				CLANG_WARN__DUPLICATE_METHOD_MATCH = YES;
				COPY_PHASE_STRIP = NO;
				DEBUG_INFORMATION_FORMAT = dwarf;
				ENABLE_STRICT_OBJC_MSGSEND = YES;
				ENABLE_TESTABILITY = YES;
				GCC_C_LANGUAGE_STANDARD = gnu11;
				GCC_DYNAMIC_NO_PIC = NO;
				GCC_NO_COMMON_BLOCKS = YES;
				GCC_OPTIMIZATION_LEVEL = 0;
				GCC_PREPROCESSOR_DEFINITIONS = (
					"DEBUG=1",
					"$(inherited)",
				);
				GCC_WARN_64_TO_32_BIT_CONVERSION = YES;
				GCC_WARN_ABOUT_RETURN_TYPE = YES_ERROR;
				GCC_WARN_UNDECLARED_SELECTOR = YES;
				GCC_WARN_UNINITIALIZED_AUTOS = YES_AGGRESSIVE;
				GCC_WARN_UNUSED_FUNCTION = YES;
				GCC_WARN_UNUSED_VARIABLE = YES;
				IPHONEOS_DEPLOYMENT_TARGET = 15.0;
				MTL_ENABLE_DEBUG_INFO = INCLUDE_SOURCE;
				MTL_FAST_MATH = YES;
				ONLY_ACTIVE_ARCH = YES;
				SDKROOT = iphoneos;
				SWIFT_ACTIVE_COMPILATION_CONDITIONS = DEBUG;
				SWIFT_OPTIMIZATION_LEVEL = "-Onone";
			};
			name = Debug;
		};
		7730F7EC27739DC7009FE88E /* Release */ = {
			isa = XCBuildConfiguration;
			buildSettings = {
				ALWAYS_SEARCH_USER_PATHS = NO;
				CLANG_ANALYZER_NONNULL = YES;
				CLANG_ANALYZER_NUMBER_OBJECT_CONVERSION = YES_AGGRESSIVE;
				CLANG_CXX_LANGUAGE_STANDARD = "gnu++17";
				CLANG_CXX_LIBRARY = "libc++";
				CLANG_ENABLE_MODULES = YES;
				CLANG_ENABLE_OBJC_ARC = YES;
				CLANG_ENABLE_OBJC_WEAK = YES;
				CLANG_WARN_BLOCK_CAPTURE_AUTORELEASING = YES;
				CLANG_WARN_BOOL_CONVERSION = YES;
				CLANG_WARN_COMMA = YES;
				CLANG_WARN_CONSTANT_CONVERSION = YES;
				CLANG_WARN_DEPRECATED_OBJC_IMPLEMENTATIONS = YES;
				CLANG_WARN_DIRECT_OBJC_ISA_USAGE = YES_ERROR;
				CLANG_WARN_DOCUMENTATION_COMMENTS = YES;
				CLANG_WARN_EMPTY_BODY = YES;
				CLANG_WARN_ENUM_CONVERSION = YES;
				CLANG_WARN_INFINITE_RECURSION = YES;
				CLANG_WARN_INT_CONVERSION = YES;
				CLANG_WARN_NON_LITERAL_NULL_CONVERSION = YES;
				CLANG_WARN_OBJC_IMPLICIT_RETAIN_SELF = YES;
				CLANG_WARN_OBJC_LITERAL_CONVERSION = YES;
				CLANG_WARN_OBJC_ROOT_CLASS = YES_ERROR;
				CLANG_WARN_QUOTED_INCLUDE_IN_FRAMEWORK_HEADER = YES;
				CLANG_WARN_RANGE_LOOP_ANALYSIS = YES;
				CLANG_WARN_STRICT_PROTOTYPES = YES;
				CLANG_WARN_SUSPICIOUS_MOVE = YES;
				CLANG_WARN_UNGUARDED_AVAILABILITY = YES_AGGRESSIVE;
				CLANG_WARN_UNREACHABLE_CODE = YES;
				CLANG_WARN__DUPLICATE_METHOD_MATCH = YES;
				COPY_PHASE_STRIP = NO;
				DEBUG_INFORMATION_FORMAT = "dwarf-with-dsym";
				ENABLE_NS_ASSERTIONS = NO;
				ENABLE_STRICT_OBJC_MSGSEND = YES;
				GCC_C_LANGUAGE_STANDARD = gnu11;
				GCC_NO_COMMON_BLOCKS = YES;
				GCC_WARN_64_TO_32_BIT_CONVERSION = YES;
				GCC_WARN_ABOUT_RETURN_TYPE = YES_ERROR;
				GCC_WARN_UNDECLARED_SELECTOR = YES;
				GCC_WARN_UNINITIALIZED_AUTOS = YES_AGGRESSIVE;
				GCC_WARN_UNUSED_FUNCTION = YES;
				GCC_WARN_UNUSED_VARIABLE = YES;
				IPHONEOS_DEPLOYMENT_TARGET = 15.0;
				MTL_ENABLE_DEBUG_INFO = NO;
				MTL_FAST_MATH = YES;
				SDKROOT = iphoneos;
				SWIFT_COMPILATION_MODE = wholemodule;
				SWIFT_OPTIMIZATION_LEVEL = "-O";
				VALIDATE_PRODUCT = YES;
			};
			name = Release;
		};
		7730F7EE27739DC7009FE88E /* Debug */ = {
			isa = XCBuildConfiguration;
			buildSettings = {
				ASSETCATALOG_COMPILER_APPICON_NAME = AppIcon;
				ASSETCATALOG_COMPILER_GLOBAL_ACCENT_COLOR_NAME = AccentColor;
				CODE_SIGN_ENTITLEMENTS = ExampleDocumentGrid/ExampleDocumentGrid.entitlements;
				CODE_SIGN_STYLE = Automatic;
				CURRENT_PROJECT_VERSION = 1;
				DEVELOPMENT_TEAM = NT29W92MQ3;
				GENERATE_INFOPLIST_FILE = YES;
				INFOPLIST_FILE = ExampleDocumentGrid/Info.plist;
				INFOPLIST_KEY_UIApplicationSupportsIndirectInputEvents = YES;
				INFOPLIST_KEY_UILaunchStoryboardName = LaunchScreen;
				INFOPLIST_KEY_UIMainStoryboardFile = Main;
				INFOPLIST_KEY_UISupportedInterfaceOrientations_iPad = "UIInterfaceOrientationPortrait UIInterfaceOrientationPortraitUpsideDown UIInterfaceOrientationLandscapeLeft UIInterfaceOrientationLandscapeRight";
				INFOPLIST_KEY_UISupportedInterfaceOrientations_iPhone = "UIInterfaceOrientationPortrait UIInterfaceOrientationLandscapeLeft UIInterfaceOrientationLandscapeRight";
				LD_RUNPATH_SEARCH_PATHS = (
					"$(inherited)",
					"@executable_path/Frameworks",
				);
				MARKETING_VERSION = 1.0;
				PRODUCT_BUNDLE_IDENTIFIER = example.ExampleDocumentGrid;
				PRODUCT_NAME = "$(TARGET_NAME)";
				SWIFT_EMIT_LOC_STRINGS = YES;
				SWIFT_VERSION = 5.0;
				TARGETED_DEVICE_FAMILY = "1,2";
			};
			name = Debug;
		};
		7730F7EF27739DC7009FE88E /* Release */ = {
			isa = XCBuildConfiguration;
			buildSettings = {
				ASSETCATALOG_COMPILER_APPICON_NAME = AppIcon;
				ASSETCATALOG_COMPILER_GLOBAL_ACCENT_COLOR_NAME = AccentColor;
				CODE_SIGN_ENTITLEMENTS = ExampleDocumentGrid/ExampleDocumentGrid.entitlements;
				CODE_SIGN_STYLE = Automatic;
				CURRENT_PROJECT_VERSION = 1;
				DEVELOPMENT_TEAM = NT29W92MQ3;
				GENERATE_INFOPLIST_FILE = YES;
				INFOPLIST_FILE = ExampleDocumentGrid/Info.plist;
				INFOPLIST_KEY_UIApplicationSupportsIndirectInputEvents = YES;
				INFOPLIST_KEY_UILaunchStoryboardName = LaunchScreen;
				INFOPLIST_KEY_UIMainStoryboardFile = Main;
				INFOPLIST_KEY_UISupportedInterfaceOrientations_iPad = "UIInterfaceOrientationPortrait UIInterfaceOrientationPortraitUpsideDown UIInterfaceOrientationLandscapeLeft UIInterfaceOrientationLandscapeRight";
				INFOPLIST_KEY_UISupportedInterfaceOrientations_iPhone = "UIInterfaceOrientationPortrait UIInterfaceOrientationLandscapeLeft UIInterfaceOrientationLandscapeRight";
				LD_RUNPATH_SEARCH_PATHS = (
					"$(inherited)",
					"@executable_path/Frameworks",
				);
				MARKETING_VERSION = 1.0;
				PRODUCT_BUNDLE_IDENTIFIER = example.ExampleDocumentGrid;
				PRODUCT_NAME = "$(TARGET_NAME)";
				SWIFT_EMIT_LOC_STRINGS = YES;
				SWIFT_VERSION = 5.0;
				TARGETED_DEVICE_FAMILY = "1,2";
			};
			name = Release;
		};
/* End XCBuildConfiguration section */

/* Begin XCConfigurationList section */
		7730F7D427739DC3009FE88E /* Build configuration list for PBXProject "ExampleDocumentGrid" */ = {
			isa = XCConfigurationList;
			buildConfigurations = (
				7730F7EB27739DC7009FE88E /* Debug */,
				7730F7EC27739DC7009FE88E /* Release */,
			);
			defaultConfigurationIsVisible = 0;
			defaultConfigurationName = Release;
		};
		7730F7ED27739DC7009FE88E /* Build configuration list for PBXNativeTarget "ExampleDocumentGrid" */ = {
			isa = XCConfigurationList;
			buildConfigurations = (
				7730F7EE27739DC7009FE88E /* Debug */,
				7730F7EF27739DC7009FE88E /* Release */,
			);
			defaultConfigurationIsVisible = 0;
			defaultConfigurationName = Release;
		};
/* End XCConfigurationList section */

/* Begin XCSwiftPackageProductDependency section */
		7730F7F227739E74009FE88E /* DocumentGrid */ = {
			isa = XCSwiftPackageProductDependency;
			productName = DocumentGrid;
		};
/* End XCSwiftPackageProductDependency section */
	};
	rootObject = 7730F7D127739DC3009FE88E /* Project object */;
}
